
Microsoft Visual Studio Solution File, Format Version 12.00
# Visual Studio Version 16
VisualStudioVersion = 16.0.30907.101
MinimumVisualStudioVersion = 10.0.40219.1
Project("{FAE04EC0-301F-11D3-BF4B-00C04F79EFBC}") = "DayNight12.Desktop", "DayNight12.Desktop\DayNight12.Desktop.csproj", "{11A42440-7164-46EF-B863-2D41AD1F0DEF}"
EndProject
Global
	GlobalSection(SolutionConfigurationPlatforms) = preSolution
		Debug|Any CPU = Debug|Any CPU
		Release|Any CPU = Release|Any CPU
	EndGlobalSection
	GlobalSection(ProjectConfigurationPlatforms) = postSolution
		{11A42440-7164-46EF-B863-2D41AD1F0DEF}.Debug|Any CPU.ActiveCfg = Debug|Any CPU
		{11A42440-7164-46EF-B863-2D41AD1F0DEF}.Debug|Any CPU.Build.0 = Debug|Any CPU
		{11A42440-7164-46EF-B863-2D41AD1F0DEF}.Release|Any CPU.ActiveCfg = Release|Any CPU
		{11A42440-7164-46EF-B863-2D41AD1F0DEF}.Release|Any CPU.Build.0 = Release|Any CPU
	EndGlobalSection
	GlobalSection(SolutionProperties) = preSolution
		HideSolutionNode = FALSE
	EndGlobalSection
	GlobalSection(ExtensibilityGlobals) = postSolution
		SolutionGuid = {9D1F1B0F-A134-4CDD-B174-AC3E77B1A78A}
	EndGlobalSection
EndGlobal
